{
  "name": "WEB",
  "lockfileVersion": 3,
  "requires": true,
  "packages": {
    "": {
      "dependencies": {
        "pcejs-macplus": "^0.2.2"
      }
    },
    "node_modules/pcejs-macplus": {
      "version": "0.2.2",
      "resolved": "https://registry.npmjs.org/pcejs-macplus/-/pcejs-macplus-0.2.2.tgz",
      "integrity": "sha512-1rz3vjgoL3jVgTLx6G9Ta/WhEya/ABqm5OjirTz0OTv1iC+MhLkiS2dQzGe0Y73+8rU6u5FvBWLqt+P2PtZCYg==",
      "dependencies": {
        "xtend": "^3.0.0"
      }
    },
    "node_modules/xtend": {
      "version": "3.0.0",
      "resolved": "https://registry.npmjs.org/xtend/-/xtend-3.0.0.tgz",
      "integrity": "sha512-sp/sT9OALMjRW1fKDlPeuSZlDQpkqReA0pyJukniWbTGoEKefHxhGJynE3PNhUMlcM8qWIjPwecwCw4LArS5Eg==",
      "engines": {
        "node": ">=0.4"
      }
    }
  }
}
